// !$*UTF8*$!
{
	archiveVersion = 1;
	classes = {
	};
	objectVersion = 50;
	objects = {

/* Begin PBXBuildFile section */
		3CC860732404A2E600B4DDC2 /* AppDelegate.swift in Sources */ = {isa = PBXBuildFile; fileRef = 3CC860722404A2E600B4DDC2 /* AppDelegate.swift */; };
		3CC860752404A2E600B4DDC2 /* SceneDelegate.swift in Sources */ = {isa = PBXBuildFile; fileRef = 3CC860742404A2E600B4DDC2 /* SceneDelegate.swift */; };
		3CC860772404A2E600B4DDC2 /* ContentView.swift in Sources */ = {isa = PBXBuildFile; fileRef = 3CC860762404A2E600B4DDC2 /* ContentView.swift */; };
		3CC860792404A2E800B4DDC2 /* Assets.xcassets in Resources */ = {isa = PBXBuildFile; fileRef = 3CC860782404A2E800B4DDC2 /* Assets.xcassets */; };
		3CC8607C2404A2E800B4DDC2 /* Preview Assets.xcassets in Resources */ = {isa = PBXBuildFile; fileRef = 3CC8607B2404A2E800B4DDC2 /* Preview Assets.xcassets */; };
		3CC8607F2404A2E800B4DDC2 /* LaunchScreen.storyboard in Resources */ = {isa = PBXBuildFile; fileRef = 3CC8607D2404A2E800B4DDC2 /* LaunchScreen.storyboard */; };
		3CC8608A2404A2E900B4DDC2 /* AcademicSchedulingAppTests.swift in Sources */ = {isa = PBXBuildFile; fileRef = 3CC860892404A2E900B4DDC2 /* AcademicSchedulingAppTests.swift */; };
		3CC860952404A2E900B4DDC2 /* AcademicSchedulingAppUITests.swift in Sources */ = {isa = PBXBuildFile; fileRef = 3CC860942404A2E900B4DDC2 /* AcademicSchedulingAppUITests.swift */; };
/* End PBXBuildFile section */

/* Begin PBXContainerItemProxy section */
		3CC860862404A2E900B4DDC2 /* PBXContainerItemProxy */ = {
			isa = PBXContainerItemProxy;
			containerPortal = 3CC860672404A2E600B4DDC2 /* Project object */;
			proxyType = 1;
			remoteGlobalIDString = 3CC8606E2404A2E600B4DDC2;
			remoteInfo = AcademicSchedulingApp;
		};
		3CC860912404A2E900B4DDC2 /* PBXContainerItemProxy */ = {
			isa = PBXContainerItemProxy;
			containerPortal = 3CC860672404A2E600B4DDC2 /* Project object */;
			proxyType = 1;
			remoteGlobalIDString = 3CC8606E2404A2E600B4DDC2;
			remoteInfo = AcademicSchedulingApp;
		};
/* End PBXContainerItemProxy section */

/* Begin PBXFileReference section */
		3CC8606F2404A2E600B4DDC2 /* AcademicSchedulingApp.app */ = {isa = PBXFileReference; explicitFileType = wrapper.application; includeInIndex = 0; path = AcademicSchedulingApp.app; sourceTree = BUILT_PRODUCTS_DIR; };
		3CC860722404A2E600B4DDC2 /* AppDelegate.swift */ = {isa = PBXFileReference; lastKnownFileType = sourcecode.swift; path = AppDelegate.swift; sourceTree = "<group>"; };
		3CC860742404A2E600B4DDC2 /* SceneDelegate.swift */ = {isa = PBXFileReference; lastKnownFileType = sourcecode.swift; path = SceneDelegate.swift; sourceTree = "<group>"; };
		3CC860762404A2E600B4DDC2 /* ContentView.swift */ = {isa = PBXFileReference; lastKnownFileType = sourcecode.swift; path = ContentView.swift; sourceTree = "<group>"; };
		3CC860782404A2E800B4DDC2 /* Assets.xcassets */ = {isa = PBXFileReference; lastKnownFileType = folder.assetcatalog; path = Assets.xcassets; sourceTree = "<group>"; };
		3CC8607B2404A2E800B4DDC2 /* Preview Assets.xcassets */ = {isa = PBXFileReference; lastKnownFileType = folder.assetcatalog; path = "Preview Assets.xcassets"; sourceTree = "<group>"; };
		3CC8607E2404A2E800B4DDC2 /* Base */ = {isa = PBXFileReference; lastKnownFileType = file.storyboard; name = Base; path = Base.lproj/LaunchScreen.storyboard; sourceTree = "<group>"; };
		3CC860802404A2E800B4DDC2 /* Info.plist */ = {isa = PBXFileReference; lastKnownFileType = text.plist.xml; path = Info.plist; sourceTree = "<group>"; };
		3CC860852404A2E900B4DDC2 /* AcademicSchedulingAppTests.xctest */ = {isa = PBXFileReference; explicitFileType = wrapper.cfbundle; includeInIndex = 0; path = AcademicSchedulingAppTests.xctest; sourceTree = BUILT_PRODUCTS_DIR; };
		3CC860892404A2E900B4DDC2 /* AcademicSchedulingAppTests.swift */ = {isa = PBXFileReference; lastKnownFileType = sourcecode.swift; path = AcademicSchedulingAppTests.swift; sourceTree = "<group>"; };
		3CC8608B2404A2E900B4DDC2 /* Info.plist */ = {isa = PBXFileReference; lastKnownFileType = text.plist.xml; path = Info.plist; sourceTree = "<group>"; };
		3CC860902404A2E900B4DDC2 /* AcademicSchedulingAppUITests.xctest */ = {isa = PBXFileReference; explicitFileType = wrapper.cfbundle; includeInIndex = 0; path = AcademicSchedulingAppUITests.xctest; sourceTree = BUILT_PRODUCTS_DIR; };
		3CC860942404A2E900B4DDC2 /* AcademicSchedulingAppUITests.swift */ = {isa = PBXFileReference; lastKnownFileType = sourcecode.swift; path = AcademicSchedulingAppUITests.swift; sourceTree = "<group>"; };
		3CC860962404A2E900B4DDC2 /* Info.plist */ = {isa = PBXFileReference; lastKnownFileType = text.plist.xml; path = Info.plist; sourceTree = "<group>"; };
/* End PBXFileReference section */

/* Begin PBXFrameworksBuildPhase section */
		3CC8606C2404A2E600B4DDC2 /* Frameworks */ = {
			isa = PBXFrameworksBuildPhase;
			buildActionMask = 2147483647;
			files = (
			);
			runOnlyForDeploymentPostprocessing = 0;
		};
		3CC860822404A2E900B4DDC2 /* Frameworks */ = {
			isa = PBXFrameworksBuildPhase;
			buildActionMask = 2147483647;
			files = (
			);
			runOnlyForDeploymentPostprocessing = 0;
		};
		3CC8608D2404A2E900B4DDC2 /* Frameworks */ = {
			isa = PBXFrameworksBuildPhase;
			buildActionMask = 2147483647;
			files = (
			);
			runOnlyForDeploymentPostprocessing = 0;
		};
/* End PBXFrameworksBuildPhase section */

/* Begin PBXGroup section */
		3CC860662404A2E600B4DDC2 = {
			isa = PBXGroup;
			children = (
				3CC860712404A2E600B4DDC2 /* AcademicSchedulingApp */,
				3CC860882404A2E900B4DDC2 /* AcademicSchedulingAppTests */,
				3CC860932404A2E900B4DDC2 /* AcademicSchedulingAppUITests */,
				3CC860702404A2E600B4DDC2 /* Products */,
			);
			sourceTree = "<group>";
		};
		3CC860702404A2E600B4DDC2 /* Products */ = {
			isa = PBXGroup;
			children = (
				3CC8606F2404A2E600B4DDC2 /* AcademicSchedulingApp.app */,
				3CC860852404A2E900B4DDC2 /* AcademicSchedulingAppTests.xctest */,
				3CC860902404A2E900B4DDC2 /* AcademicSchedulingAppUITests.xctest */,
			);
			name = Products;
			sourceTree = "<group>";
		};
		3CC860712404A2E600B4DDC2 /* AcademicSchedulingApp */ = {
			isa = PBXGroup;
			children = (
				3CC860722404A2E600B4DDC2 /* AppDelegate.swift */,
				3CC860742404A2E600B4DDC2 /* SceneDelegate.swift */,
				3CC860762404A2E600B4DDC2 /* ContentView.swift */,
				3CC860782404A2E800B4DDC2 /* Assets.xcassets */,
				3CC8607D2404A2E800B4DDC2 /* LaunchScreen.storyboard */,
				3CC860802404A2E800B4DDC2 /* Info.plist */,
				3CC8607A2404A2E800B4DDC2 /* Preview Content */,
			);
			path = AcademicSchedulingApp;
			sourceTree = "<group>";
		};
		3CC8607A2404A2E800B4DDC2 /* Preview Content */ = {
			isa = PBXGroup;
			children = (
				3CC8607B2404A2E800B4DDC2 /* Preview Assets.xcassets */,
			);
			path = "Preview Content";
			sourceTree = "<group>";
		};
		3CC860882404A2E900B4DDC2 /* AcademicSchedulingAppTests */ = {
			isa = PBXGroup;
			children = (
				3CC860892404A2E900B4DDC2 /* AcademicSchedulingAppTests.swift */,
				3CC8608B2404A2E900B4DDC2 /* Info.plist */,
			);
			path = AcademicSchedulingAppTests;
			sourceTree = "<group>";
		};
		3CC860932404A2E900B4DDC2 /* AcademicSchedulingAppUITests */ = {
			isa = PBXGroup;
			children = (
				3CC860942404A2E900B4DDC2 /* AcademicSchedulingAppUITests.swift */,
				3CC860962404A2E900B4DDC2 /* Info.plist */,
			);
			path = AcademicSchedulingAppUITests;
			sourceTree = "<group>";
		};
/* End PBXGroup section */

/* Begin PBXNativeTarget section */
		3CC8606E2404A2E600B4DDC2 /* AcademicSchedulingApp */ = {
			isa = PBXNativeTarget;
			buildConfigurationList = 3CC860992404A2E900B4DDC2 /* Build configuration list for PBXNativeTarget "AcademicSchedulingApp" */;
			buildPhases = (
				3CC8606B2404A2E600B4DDC2 /* Sources */,
				3CC8606C2404A2E600B4DDC2 /* Frameworks */,
				3CC8606D2404A2E600B4DDC2 /* Resources */,
			);
			buildRules = (
			);
			dependencies = (
			);
			name = AcademicSchedulingApp;
			productName = AcademicSchedulingApp;
			productReference = 3CC8606F2404A2E600B4DDC2 /* AcademicSchedulingApp.app */;
			productType = "com.apple.product-type.application";
		};
		3CC860842404A2E900B4DDC2 /* AcademicSchedulingAppTests */ = {
			isa = PBXNativeTarget;
			buildConfigurationList = 3CC8609C2404A2E900B4DDC2 /* Build configuration list for PBXNativeTarget "AcademicSchedulingAppTests" */;
			buildPhases = (
				3CC860812404A2E900B4DDC2 /* Sources */,
				3CC860822404A2E900B4DDC2 /* Frameworks */,
				3CC860832404A2E900B4DDC2 /* Resources */,
			);
			buildRules = (
			);
			dependencies = (
				3CC860872404A2E900B4DDC2 /* PBXTargetDependency */,
			);
			name = AcademicSchedulingAppTests;
			productName = AcademicSchedulingAppTests;
			productReference = 3CC860852404A2E900B4DDC2 /* AcademicSchedulingAppTests.xctest */;
			productType = "com.apple.product-type.bundle.unit-test";
		};
		3CC8608F2404A2E900B4DDC2 /* AcademicSchedulingAppUITests */ = {
			isa = PBXNativeTarget;
			buildConfigurationList = 3CC8609F2404A2E900B4DDC2 /* Build configuration list for PBXNativeTarget "AcademicSchedulingAppUITests" */;
			buildPhases = (
				3CC8608C2404A2E900B4DDC2 /* Sources */,
				3CC8608D2404A2E900B4DDC2 /* Frameworks */,
				3CC8608E2404A2E900B4DDC2 /* Resources */,
			);
			buildRules = (
			);
			dependencies = (
				3CC860922404A2E900B4DDC2 /* PBXTargetDependency */,
			);
			name = AcademicSchedulingAppUITests;
			productName = AcademicSchedulingAppUITests;
			productReference = 3CC860902404A2E900B4DDC2 /* AcademicSchedulingAppUITests.xctest */;
			productType = "com.apple.product-type.bundle.ui-testing";
		};
/* End PBXNativeTarget section */

/* Begin PBXProject section */
		3CC860672404A2E600B4DDC2 /* Project object */ = {
			isa = PBXProject;
			attributes = {
				LastSwiftUpdateCheck = 1130;
				LastUpgradeCheck = 1130;
				ORGANIZATIONNAME = "Veronyque Lemieux";
				TargetAttributes = {
					3CC8606E2404A2E600B4DDC2 = {
						CreatedOnToolsVersion = 11.3.1;
					};
					3CC860842404A2E900B4DDC2 = {
						CreatedOnToolsVersion = 11.3.1;
						TestTargetID = 3CC8606E2404A2E600B4DDC2;
					};
					3CC8608F2404A2E900B4DDC2 = {
						CreatedOnToolsVersion = 11.3.1;
						TestTargetID = 3CC8606E2404A2E600B4DDC2;
					};
				};
			};
			buildConfigurationList = 3CC8606A2404A2E600B4DDC2 /* Build configuration list for PBXProject "AcademicSchedulingApp" */;
			compatibilityVersion = "Xcode 9.3";
			developmentRegion = en;
			hasScannedForEncodings = 0;
			knownRegions = (
				en,
				Base,
			);
			mainGroup = 3CC860662404A2E600B4DDC2;
			productRefGroup = 3CC860702404A2E600B4DDC2 /* Products */;
			projectDirPath = "";
			projectRoot = "";
			targets = (
				3CC8606E2404A2E600B4DDC2 /* AcademicSchedulingApp */,
				3CC860842404A2E900B4DDC2 /* AcademicSchedulingAppTests */,
				3CC8608F2404A2E900B4DDC2 /* AcademicSchedulingAppUITests */,
			);
		};
/* End PBXProject section */

/* Begin PBXResourcesBuildPhase section */
		3CC8606D2404A2E600B4DDC2 /* Resources */ = {
			isa = PBXResourcesBuildPhase;
			buildActionMask = 2147483647;
			files = (
				3CC8607F2404A2E800B4DDC2 /* LaunchScreen.storyboard in Resources */,
				3CC8607C2404A2E800B4DDC2 /* Preview Assets.xcassets in Resources */,
				3CC860792404A2E800B4DDC2 /* Assets.xcassets in Resources */,
			);
			runOnlyForDeploymentPostprocessing = 0;
		};
		3CC860832404A2E900B4DDC2 /* Resources */ = {
			isa = PBXResourcesBuildPhase;
			buildActionMask = 2147483647;
			files = (
			);
			runOnlyForDeploymentPostprocessing = 0;
		};
		3CC8608E2404A2E900B4DDC2 /* Resources */ = {
			isa = PBXResourcesBuildPhase;
			buildActionMask = 2147483647;
			files = (
			);
			runOnlyForDeploymentPostprocessing = 0;
		};
/* End PBXResourcesBuildPhase section */

/* Begin PBXSourcesBuildPhase section */
		3CC8606B2404A2E600B4DDC2 /* Sources */ = {
			isa = PBXSourcesBuildPhase;
			buildActionMask = 2147483647;
			files = (
				3CC860732404A2E600B4DDC2 /* AppDelegate.swift in Sources */,
				3CC860752404A2E600B4DDC2 /* SceneDelegate.swift in Sources */,
				3CC860772404A2E600B4DDC2 /* ContentView.swift in Sources */,
			);
			runOnlyForDeploymentPostprocessing = 0;
		};
		3CC860812404A2E900B4DDC2 /* Sources */ = {
			isa = PBXSourcesBuildPhase;
			buildActionMask = 2147483647;
			files = (
				3CC8608A2404A2E900B4DDC2 /* AcademicSchedulingAppTests.swift in Sources */,
			);
			runOnlyForDeploymentPostprocessing = 0;
		};
		3CC8608C2404A2E900B4DDC2 /* Sources */ = {
			isa = PBXSourcesBuildPhase;
			buildActionMask = 2147483647;
			files = (
				3CC860952404A2E900B4DDC2 /* AcademicSchedulingAppUITests.swift in Sources */,
			);
			runOnlyForDeploymentPostprocessing = 0;
		};
/* End PBXSourcesBuildPhase section */

/* Begin PBXTargetDependency section */
		3CC860872404A2E900B4DDC2 /* PBXTargetDependency */ = {
			isa = PBXTargetDependency;
			target = 3CC8606E2404A2E600B4DDC2 /* AcademicSchedulingApp */;
			targetProxy = 3CC860862404A2E900B4DDC2 /* PBXContainerItemProxy */;
		};
		3CC860922404A2E900B4DDC2 /* PBXTargetDependency */ = {
			isa = PBXTargetDependency;
			target = 3CC8606E2404A2E600B4DDC2 /* AcademicSchedulingApp */;
			targetProxy = 3CC860912404A2E900B4DDC2 /* PBXContainerItemProxy */;
		};
/* End PBXTargetDependency section */

/* Begin PBXVariantGroup section */
		3CC8607D2404A2E800B4DDC2 /* LaunchScreen.storyboard */ = {
			isa = PBXVariantGroup;
			children = (
				3CC8607E2404A2E800B4DDC2 /* Base */,
			);
			name = LaunchScreen.storyboard;
			sourceTree = "<group>";
		};
/* End PBXVariantGroup section */

/* Begin XCBuildConfiguration section */
		3CC860972404A2E900B4DDC2 /* Debug */ = {
			isa = XCBuildConfiguration;
			buildSettings = {
				ALWAYS_SEARCH_USER_PATHS = NO;
				CLANG_ANALYZER_NONNULL = YES;
				CLANG_ANALYZER_NUMBER_OBJECT_CONVERSION = YES_AGGRESSIVE;
				CLANG_CXX_LANGUAGE_STANDARD = "gnu++14";
				CLANG_CXX_LIBRARY = "libc++";
				CLANG_ENABLE_MODULES = YES;
				CLANG_ENABLE_OBJC_ARC = YES;
				CLANG_ENABLE_OBJC_WEAK = YES;
				CLANG_WARN_BLOCK_CAPTURE_AUTORELEASING = YES;
				CLANG_WARN_BOOL_CONVERSION = YES;
				CLANG_WARN_COMMA = YES;
				CLANG_WARN_CONSTANT_CONVERSION = YES;
				CLANG_WARN_DEPRECATED_OBJC_IMPLEMENTATIONS = YES;
				CLANG_WARN_DIRECT_OBJC_ISA_USAGE = YES_ERROR;
				CLANG_WARN_DOCUMENTATION_COMMENTS = YES;
				CLANG_WARN_EMPTY_BODY = YES;
				CLANG_WARN_ENUM_CONVERSION = YES;
				CLANG_WARN_INFINITE_RECURSION = YES;
				CLANG_WARN_INT_CONVERSION = YES;
				CLANG_WARN_NON_LITERAL_NULL_CONVERSION = YES;
				CLANG_WARN_OBJC_IMPLICIT_RETAIN_SELF = YES;
				CLANG_WARN_OBJC_LITERAL_CONVERSION = YES;
				CLANG_WARN_OBJC_ROOT_CLASS = YES_ERROR;
				CLANG_WARN_RANGE_LOOP_ANALYSIS = YES;
				CLANG_WARN_STRICT_PROTOTYPES = YES;
				CLANG_WARN_SUSPICIOUS_MOVE = YES;
				CLANG_WARN_UNGUARDED_AVAILABILITY = YES_AGGRESSIVE;
				CLANG_WARN_UNREACHABLE_CODE = YES;
				CLANG_WARN__DUPLICATE_METHOD_MATCH = YES;
				COPY_PHASE_STRIP = NO;
				DEBUG_INFORMATION_FORMAT = dwarf;
				ENABLE_STRICT_OBJC_MSGSEND = YES;
				ENABLE_TESTABILITY = YES;
				GCC_C_LANGUAGE_STANDARD = gnu11;
				GCC_DYNAMIC_NO_PIC = NO;
				GCC_NO_COMMON_BLOCKS = YES;
				GCC_OPTIMIZATION_LEVEL = 0;
				GCC_PREPROCESSOR_DEFINITIONS = (
					"DEBUG=1",
					"$(inherited)",
				);
				GCC_WARN_64_TO_32_BIT_CONVERSION = YES;
				GCC_WARN_ABOUT_RETURN_TYPE = YES_ERROR;
				GCC_WARN_UNDECLARED_SELECTOR = YES;
				GCC_WARN_UNINITIALIZED_AUTOS = YES_AGGRESSIVE;
				GCC_WARN_UNUSED_FUNCTION = YES;
				GCC_WARN_UNUSED_VARIABLE = YES;
				IPHONEOS_DEPLOYMENT_TARGET = 13.2;
				MTL_ENABLE_DEBUG_INFO = INCLUDE_SOURCE;
				MTL_FAST_MATH = YES;
				ONLY_ACTIVE_ARCH = YES;
				SDKROOT = iphoneos;
				SWIFT_ACTIVE_COMPILATION_CONDITIONS = DEBUG;
				SWIFT_OPTIMIZATION_LEVEL = "-Onone";
			};
			name = Debug;
		};
		3CC860982404A2E900B4DDC2 /* Release */ = {
			isa = XCBuildConfiguration;
			buildSettings = {
				ALWAYS_SEARCH_USER_PATHS = NO;
				CLANG_ANALYZER_NONNULL = YES;
				CLANG_ANALYZER_NUMBER_OBJECT_CONVERSION = YES_AGGRESSIVE;
				CLANG_CXX_LANGUAGE_STANDARD = "gnu++14";
				CLANG_CXX_LIBRARY = "libc++";
				CLANG_ENABLE_MODULES = YES;
				CLANG_ENABLE_OBJC_ARC = YES;
				CLANG_ENABLE_OBJC_WEAK = YES;
				CLANG_WARN_BLOCK_CAPTURE_AUTORELEASING = YES;
				CLANG_WARN_BOOL_CONVERSION = YES;
				CLANG_WARN_COMMA = YES;
				CLANG_WARN_CONSTANT_CONVERSION = YES;
				CLANG_WARN_DEPRECATED_OBJC_IMPLEMENTATIONS = YES;
				CLANG_WARN_DIRECT_OBJC_ISA_USAGE = YES_ERROR;
				CLANG_WARN_DOCUMENTATION_COMMENTS = YES;
				CLANG_WARN_EMPTY_BODY = YES;
				CLANG_WARN_ENUM_CONVERSION = YES;
				CLANG_WARN_INFINITE_RECURSION = YES;
				CLANG_WARN_INT_CONVERSION = YES;
				CLANG_WARN_NON_LITERAL_NULL_CONVERSION = YES;
				CLANG_WARN_OBJC_IMPLICIT_RETAIN_SELF = YES;
				CLANG_WARN_OBJC_LITERAL_CONVERSION = YES;
				CLANG_WARN_OBJC_ROOT_CLASS = YES_ERROR;
				CLANG_WARN_RANGE_LOOP_ANALYSIS = YES;
				CLANG_WARN_STRICT_PROTOTYPES = YES;
				CLANG_WARN_SUSPICIOUS_MOVE = YES;
				CLANG_WARN_UNGUARDED_AVAILABILITY = YES_AGGRESSIVE;
				CLANG_WARN_UNREACHABLE_CODE = YES;
				CLANG_WARN__DUPLICATE_METHOD_MATCH = YES;
				COPY_PHASE_STRIP = NO;
				DEBUG_INFORMATION_FORMAT = "dwarf-with-dsym";
				ENABLE_NS_ASSERTIONS = NO;
				ENABLE_STRICT_OBJC_MSGSEND = YES;
				GCC_C_LANGUAGE_STANDARD = gnu11;
				GCC_NO_COMMON_BLOCKS = YES;
				GCC_WARN_64_TO_32_BIT_CONVERSION = YES;
				GCC_WARN_ABOUT_RETURN_TYPE = YES_ERROR;
				GCC_WARN_UNDECLARED_SELECTOR = YES;
				GCC_WARN_UNINITIALIZED_AUTOS = YES_AGGRESSIVE;
				GCC_WARN_UNUSED_FUNCTION = YES;
				GCC_WARN_UNUSED_VARIABLE = YES;
				IPHONEOS_DEPLOYMENT_TARGET = 13.2;
				MTL_ENABLE_DEBUG_INFO = NO;
				MTL_FAST_MATH = YES;
				SDKROOT = iphoneos;
				SWIFT_COMPILATION_MODE = wholemodule;
				SWIFT_OPTIMIZATION_LEVEL = "-O";
				VALIDATE_PRODUCT = YES;
			};
			name = Release;
		};
		3CC8609A2404A2E900B4DDC2 /* Debug */ = {
			isa = XCBuildConfiguration;
			buildSettings = {
				ASSETCATALOG_COMPILER_APPICON_NAME = AppIcon;
				CODE_SIGN_STYLE = Automatic;
				DEVELOPMENT_ASSET_PATHS = "\"AcademicSchedulingApp/Preview Content\"";
				DEVELOPMENT_TEAM = 3RF74U6R9N;
				ENABLE_PREVIEWS = YES;
				INFOPLIST_FILE = AcademicSchedulingApp/Info.plist;
				LD_RUNPATH_SEARCH_PATHS = (
					"$(inherited)",
					"@executable_path/Frameworks",
				);
				PRODUCT_BUNDLE_IDENTIFIER = comp3097.AcademicSchedulingApp;
				PRODUCT_NAME = "$(TARGET_NAME)";
				SWIFT_VERSION = 5.0;
				TARGETED_DEVICE_FAMILY = "1,2";
			};
			name = Debug;
		};
		3CC8609B2404A2E900B4DDC2 /* Release */ = {
			isa = XCBuildConfiguration;
			buildSettings = {
				ASSETCATALOG_COMPILER_APPICON_NAME = AppIcon;
				CODE_SIGN_STYLE = Automatic;
				DEVELOPMENT_ASSET_PATHS = "\"AcademicSchedulingApp/Preview Content\"";
				DEVELOPMENT_TEAM = 3RF74U6R9N;
				ENABLE_PREVIEWS = YES;
				INFOPLIST_FILE = AcademicSchedulingApp/Info.plist;
				LD_RUNPATH_SEARCH_PATHS = (
					"$(inherited)",
					"@executable_path/Frameworks",
				);
				PRODUCT_BUNDLE_IDENTIFIER = comp3097.AcademicSchedulingApp;
				PRODUCT_NAME = "$(TARGET_NAME)";
				SWIFT_VERSION = 5.0;
				TARGETED_DEVICE_FAMILY = "1,2";
			};
			name = Release;
		};
		3CC8609D2404A2E900B4DDC2 /* Debug */ = {
			isa = XCBuildConfiguration;
			buildSettings = {
				ALWAYS_EMBED_SWIFT_STANDARD_LIBRARIES = YES;
				BUNDLE_LOADER = "$(TEST_HOST)";
				CODE_SIGN_STYLE = Automatic;
				DEVELOPMENT_TEAM = 3RF74U6R9N;
				INFOPLIST_FILE = AcademicSchedulingAppTests/Info.plist;
				IPHONEOS_DEPLOYMENT_TARGET = 13.2;
				LD_RUNPATH_SEARCH_PATHS = (
					"$(inherited)",
					"@executable_path/Frameworks",
					"@loader_path/Frameworks",
				);
				PRODUCT_BUNDLE_IDENTIFIER = comp3097.AcademicSchedulingAppTests;
				PRODUCT_NAME = "$(TARGET_NAME)";
				SWIFT_VERSION = 5.0;
				TARGETED_DEVICE_FAMILY = "1,2";
				TEST_HOST = "$(BUILT_PRODUCTS_DIR)/AcademicSchedulingApp.app/AcademicSchedulingApp";
			};
			name = Debug;
		};
		3CC8609E2404A2E900B4DDC2 /* Release */ = {
			isa = XCBuildConfiguration;
			buildSettings = {
				ALWAYS_EMBED_SWIFT_STANDARD_LIBRARIES = YES;
				BUNDLE_LOADER = "$(TEST_HOST)";
				CODE_SIGN_STYLE = Automatic;
				DEVELOPMENT_TEAM = 3RF74U6R9N;
				INFOPLIST_FILE = AcademicSchedulingAppTests/Info.plist;
				IPHONEOS_DEPLOYMENT_TARGET = 13.2;
				LD_RUNPATH_SEARCH_PATHS = (
					"$(inherited)",
					"@executable_path/Frameworks",
					"@loader_path/Frameworks",
				);
				PRODUCT_BUNDLE_IDENTIFIER = comp3097.AcademicSchedulingAppTests;
				PRODUCT_NAME = "$(TARGET_NAME)";
				SWIFT_VERSION = 5.0;
				TARGETED_DEVICE_FAMILY = "1,2";
				TEST_HOST = "$(BUILT_PRODUCTS_DIR)/AcademicSchedulingApp.app/AcademicSchedulingApp";
			};
			name = Release;
		};
		3CC860A02404A2E900B4DDC2 /* Debug */ = {
			isa = XCBuildConfiguration;
			buildSettings = {
				ALWAYS_EMBED_SWIFT_STANDARD_LIBRARIES = YES;
				CODE_SIGN_STYLE = Automatic;
				DEVELOPMENT_TEAM = 3RF74U6R9N;
				INFOPLIST_FILE = AcademicSchedulingAppUITests/Info.plist;
				LD_RUNPATH_SEARCH_PATHS = (
					"$(inherited)",
					"@executable_path/Frameworks",
					"@loader_path/Frameworks",
				);
				PRODUCT_BUNDLE_IDENTIFIER = comp3097.AcademicSchedulingAppUITests;
				PRODUCT_NAME = "$(TARGET_NAME)";
				SWIFT_VERSION = 5.0;
				TARGETED_DEVICE_FAMILY = "1,2";
				TEST_TARGET_NAME = AcademicSchedulingApp;
			};
			name = Debug;
		};
		3CC860A12404A2E900B4DDC2 /* Release */ = {
			isa = XCBuildConfiguration;
			buildSettings = {
				ALWAYS_EMBED_SWIFT_STANDARD_LIBRARIES = YES;
				CODE_SIGN_STYLE = Automatic;
				DEVELOPMENT_TEAM = 3RF74U6R9N;
				INFOPLIST_FILE = AcademicSchedulingAppUITests/Info.plist;
				LD_RUNPATH_SEARCH_PATHS = (
					"$(inherited)",
					"@executable_path/Frameworks",
					"@loader_path/Frameworks",
				);
				PRODUCT_BUNDLE_IDENTIFIER = comp3097.AcademicSchedulingAppUITests;
				PRODUCT_NAME = "$(TARGET_NAME)";
				SWIFT_VERSION = 5.0;
				TARGETED_DEVICE_FAMILY = "1,2";
				TEST_TARGET_NAME = AcademicSchedulingApp;
			};
			name = Release;
		};
/* End XCBuildConfiguration section */

/* Begin XCConfigurationList section */
		3CC8606A2404A2E600B4DDC2 /* Build configuration list for PBXProject "AcademicSchedulingApp" */ = {
			isa = XCConfigurationList;
			buildConfigurations = (
				3CC860972404A2E900B4DDC2 /* Debug */,
				3CC860982404A2E900B4DDC2 /* Release */,
			);
			defaultConfigurationIsVisible = 0;
			defaultConfigurationName = Release;
		};
		3CC860992404A2E900B4DDC2 /* Build configuration list for PBXNativeTarget "AcademicSchedulingApp" */ = {
			isa = XCConfigurationList;
			buildConfigurations = (
				3CC8609A2404A2E900B4DDC2 /* Debug */,
				3CC8609B2404A2E900B4DDC2 /* Release */,
			);
			defaultConfigurationIsVisible = 0;
			defaultConfigurationName = Release;
		};
		3CC8609C2404A2E900B4DDC2 /* Build configuration list for PBXNativeTarget "AcademicSchedulingAppTests" */ = {
			isa = XCConfigurationList;
			buildConfigurations = (
				3CC8609D2404A2E900B4DDC2 /* Debug */,
				3CC8609E2404A2E900B4DDC2 /* Release */,
			);
			defaultConfigurationIsVisible = 0;
			defaultConfigurationName = Release;
		};
		3CC8609F2404A2E900B4DDC2 /* Build configuration list for PBXNativeTarget "AcademicSchedulingAppUITests" */ = {
			isa = XCConfigurationList;
			buildConfigurations = (
				3CC860A02404A2E900B4DDC2 /* Debug */,
				3CC860A12404A2E900B4DDC2 /* Release */,
			);
			defaultConfigurationIsVisible = 0;
			defaultConfigurationName = Release;
		};
/* End XCConfigurationList section */
	};
	rootObject = 3CC860672404A2E600B4DDC2 /* Project object */;
}
